
Microsoft Visual Studio Solution File, Format Version 12.00
# Visual Studio 14
VisualStudioVersion = 14.0.22823.1
MinimumVisualStudioVersion = 10.0.40219.1
Project("{F184B08F-C81C-45F6-A57F-5ABD9991F28F}") = "bus_rode", "bus_rode\bus_rode.vbproj", "{23E9D41A-0584-4198-92C0-8F34B739C59D}"
EndProject
Project("{F184B08F-C81C-45F6-A57F-5ABD9991F28F}") = "bus_rode_compression", "bus_rode_compression\bus_rode_compression.vbproj", "{30C0F9CA-FD16-44A6-96BA-E52814C80D67}"
EndProject
Project("{F184B08F-C81C-45F6-A57F-5ABD9991F28F}") = "bus_rode_add", "bus_rode_add\bus_rode_add.vbproj", "{0475D634-C7D2-4D32-BF53-10C1070D0FAF}"
EndProject
Project("{F184B08F-C81C-45F6-A57F-5ABD9991F28F}") = "bus_rode_check", "bus_rode_check\bus_rode_check.vbproj", "{C033972A-1115-42E0-9EC3-E801B135B227}"
EndProject
Global
	GlobalSection(SolutionConfigurationPlatforms) = preSolution
		Debug|Any CPU = Debug|Any CPU
		Release|Any CPU = Release|Any CPU
	EndGlobalSection
	GlobalSection(ProjectConfigurationPlatforms) = postSolution
		{23E9D41A-0584-4198-92C0-8F34B739C59D}.Debug|Any CPU.ActiveCfg = Debug|Any CPU
		{23E9D41A-0584-4198-92C0-8F34B739C59D}.Debug|Any CPU.Build.0 = Debug|Any CPU
		{23E9D41A-0584-4198-92C0-8F34B739C59D}.Release|Any CPU.ActiveCfg = Release|Any CPU
		{23E9D41A-0584-4198-92C0-8F34B739C59D}.Release|Any CPU.Build.0 = Release|Any CPU
		{30C0F9CA-FD16-44A6-96BA-E52814C80D67}.Debug|Any CPU.ActiveCfg = Debug|Any CPU
		{30C0F9CA-FD16-44A6-96BA-E52814C80D67}.Debug|Any CPU.Build.0 = Debug|Any CPU
		{30C0F9CA-FD16-44A6-96BA-E52814C80D67}.Release|Any CPU.ActiveCfg = Release|Any CPU
		{30C0F9CA-FD16-44A6-96BA-E52814C80D67}.Release|Any CPU.Build.0 = Release|Any CPU
		{0475D634-C7D2-4D32-BF53-10C1070D0FAF}.Debug|Any CPU.ActiveCfg = Debug|Any CPU
		{0475D634-C7D2-4D32-BF53-10C1070D0FAF}.Debug|Any CPU.Build.0 = Debug|Any CPU
		{0475D634-C7D2-4D32-BF53-10C1070D0FAF}.Release|Any CPU.ActiveCfg = Release|Any CPU
		{0475D634-C7D2-4D32-BF53-10C1070D0FAF}.Release|Any CPU.Build.0 = Release|Any CPU
		{C033972A-1115-42E0-9EC3-E801B135B227}.Debug|Any CPU.ActiveCfg = Debug|Any CPU
		{C033972A-1115-42E0-9EC3-E801B135B227}.Debug|Any CPU.Build.0 = Debug|Any CPU
		{C033972A-1115-42E0-9EC3-E801B135B227}.Release|Any CPU.ActiveCfg = Release|Any CPU
		{C033972A-1115-42E0-9EC3-E801B135B227}.Release|Any CPU.Build.0 = Release|Any CPU
	EndGlobalSection
	GlobalSection(SolutionProperties) = preSolution
		HideSolutionNode = FALSE
	EndGlobalSection
EndGlobal
